dependencies:
- name: asterisk
  repository: ""
  version: 0.1.0
- name: grpc
  repository: ""
  version: 0.1.0
- name: rtpproxy
  repository: ""
  version: 0.1.0
- name: k8sevents
  repository: ""
  version: 0.1.0
- name: mngrs
  repository: ""
  version: 0.1.0
- name: opensips
  repository: ""
  version: 0.1.0
- name: libs
  repository: ""
  version: 0.1.0
- name: redis
  repository: oci://registry-1.docker.io/bitnamicharts
  version: 18.0.4
digest: sha256:4d52a6b4a0a4071c781860b02d897feb34e3c432aeb4acb9436e9debc6e5646a
generated: "2023-09-15T13:25:32.836739793+02:00"
