dependencies:
- name: asterisk
  repository: ""
  version: 0.1.0
- name: grpc
  repository: ""
  version: 0.1.0
- name: rtpproxy
  repository: ""
  version: 0.1.0
- name: k8sevents
  repository: ""
  version: 0.1.0
- name: mngrs
  repository: ""
  version: 0.1.0
- name: opensips
  repository: ""
  version: 0.1.0
- name: libs
  repository: ""
  version: 0.1.0
digest: sha256:21b0e684cfab5ba4c899dc1e9a1225c305ae8ec4dae89fa2e7577faf7092ddd8
generated: "2023-06-06T18:58:44.94757758Z"
