dependencies:
- name: etcd
  repository: https://charts.bitnami.com/bitnami
  version: 8.12.0
- name: libs
  repository: ""
  version: 0.1.0
- name: app
  repository: ""
  version: 0.1.0
- name: tsbindings
  repository: ""
  version: 0.1.0
- name: phpmyadmin
  repository: ""
  version: 0.1.0
- name: internals
  repository: ""
  version: 0.1.0
- name: editor
  repository: ""
  version: 0.1.0
digest: sha256:8a1f316c6c7a739ba7c58a984740723d185a8934606e92216e46ae73f9d46a38
generated: "2023-06-14T19:26:35.946028212+02:00"
