dependencies:
- name: libs
  repository: file://../libs
  version: 0.1.0
- name: app
  repository: ""
  version: 0.1.0
- name: tsbindings
  repository: ""
  version: 0.1.0
- name: phpmyadmin
  repository: ""
  version: 0.1.0
- name: internals
  repository: ""
  version: 0.1.0
- name: editor
  repository: ""
  version: 0.1.0
digest: sha256:7a227efa03a6bcf651e02675f19b98f576c363d9cf068c30b4a077fe60764281
generated: "2023-05-16T22:39:17.659796333+02:00"
